
Microsoft Visual Studio Solution File, Format Version 12.00
# Visual Studio Version 17
VisualStudioVersion = 17.0.31903.59
MinimumVisualStudioVersion = 10.0.40219.1
Project("{2150E333-8FDC-42A3-9474-1A3956D46DE8}") = "Src", "Src", "{827E0CD3-B72D-47B6-A68D-7590B98EB39B}"
EndProject
Project("{2150E333-8FDC-42A3-9474-1A3956D46DE8}") = "Core", "Core", "{8D626EA8-CB54-BC41-363A-217881BEBA6E}"
EndProject
Project("{FAE04EC0-301F-11D3-BF4B-00C04F79EFBC}") = "Sudoku.Application", "Src\Core\Sudoku.Application\Sudoku.Application.csproj", "{8D01629D-6F66-4CB7-BAD0-36DB36ABAA52}"
EndProject
Project("{FAE04EC0-301F-11D3-BF4B-00C04F79EFBC}") = "Sudoku.Domain", "Src\Core\Sudoku.Domain\Sudoku.Domain.csproj", "{DEA680CB-CC07-4195-9560-F1862630AC5B}"
EndProject
Project("{2150E333-8FDC-42A3-9474-1A3956D46DE8}") = "Infrastructure", "Infrastructure", "{9048EB7F-3875-A59E-E36B-5BD4C6F2A282}"
EndProject
Project("{FAE04EC0-301F-11D3-BF4B-00C04F79EFBC}") = "Sudoku.Infrastructure.Identity", "Src\Infrastructure\Sudoku.Infrastructure.Identity\Sudoku.Infrastructure.Identity.csproj", "{F364D7B3-45AC-4447-8F40-3C12C5589DD3}"
EndProject
Project("{FAE04EC0-301F-11D3-BF4B-00C04F79EFBC}") = "Sudoku.Infrastructure.Persistence", "Src\Infrastructure\Sudoku.Infrastructure.Persistence\Sudoku.Infrastructure.Persistence.csproj", "{DED98A35-8574-4C38-92E9-9E867DCC5918}"
EndProject
Project("{FAE04EC0-301F-11D3-BF4B-00C04F79EFBC}") = "Sudoku.Infrastructure.Resources", "Src\Infrastructure\Sudoku.Infrastructure.Resources\Sudoku.Infrastructure.Resources.csproj", "{41039641-C751-4960-89B4-EFD5437779B3}"
EndProject
Project("{2150E333-8FDC-42A3-9474-1A3956D46DE8}") = "Presentation", "Presentation", "{6996BBF7-DB31-59BC-C7DD-9A7CCC6138C4}"
EndProject
Project("{FAE04EC0-301F-11D3-BF4B-00C04F79EFBC}") = "Sudoku.WebApi", "Src\Presentation\Sudoku.WebApi\Sudoku.WebApi.csproj", "{320336CE-917A-400F-8449-27B821B85C48}"
EndProject
Project("{2150E333-8FDC-42A3-9474-1A3956D46DE8}") = "Tools", "Tools", "{07C2787E-EAC7-C090-1BA3-A61EC2A24D84}"
EndProject
Project("{FAE04EC0-301F-11D3-BF4B-00C04F79EFBC}") = "UnitOfWorkCreator", "Tools\UnitOfWorkCreator\UnitOfWorkCreator.csproj", "{61BE97B9-9C45-441C-8CAC-B9B83BB7EFAC}"
EndProject
Global
	GlobalSection(SolutionConfigurationPlatforms) = preSolution
		Debug|Any CPU = Debug|Any CPU
		Debug|x64 = Debug|x64
		Debug|x86 = Debug|x86
		Release|Any CPU = Release|Any CPU
		Release|x64 = Release|x64
		Release|x86 = Release|x86
	EndGlobalSection
	GlobalSection(ProjectConfigurationPlatforms) = postSolution
		{8D01629D-6F66-4CB7-BAD0-36DB36ABAA52}.Debug|Any CPU.ActiveCfg = Debug|Any CPU
		{8D01629D-6F66-4CB7-BAD0-36DB36ABAA52}.Debug|Any CPU.Build.0 = Debug|Any CPU
		{8D01629D-6F66-4CB7-BAD0-36DB36ABAA52}.Debug|x64.ActiveCfg = Debug|Any CPU
		{8D01629D-6F66-4CB7-BAD0-36DB36ABAA52}.Debug|x64.Build.0 = Debug|Any CPU
		{8D01629D-6F66-4CB7-BAD0-36DB36ABAA52}.Debug|x86.ActiveCfg = Debug|Any CPU
		{8D01629D-6F66-4CB7-BAD0-36DB36ABAA52}.Debug|x86.Build.0 = Debug|Any CPU
		{8D01629D-6F66-4CB7-BAD0-36DB36ABAA52}.Release|Any CPU.ActiveCfg = Release|Any CPU
		{8D01629D-6F66-4CB7-BAD0-36DB36ABAA52}.Release|Any CPU.Build.0 = Release|Any CPU
		{8D01629D-6F66-4CB7-BAD0-36DB36ABAA52}.Release|x64.ActiveCfg = Release|Any CPU
		{8D01629D-6F66-4CB7-BAD0-36DB36ABAA52}.Release|x64.Build.0 = Release|Any CPU
		{8D01629D-6F66-4CB7-BAD0-36DB36ABAA52}.Release|x86.ActiveCfg = Release|Any CPU
		{8D01629D-6F66-4CB7-BAD0-36DB36ABAA52}.Release|x86.Build.0 = Release|Any CPU
		{DEA680CB-CC07-4195-9560-F1862630AC5B}.Debug|Any CPU.ActiveCfg = Debug|Any CPU
		{DEA680CB-CC07-4195-9560-F1862630AC5B}.Debug|Any CPU.Build.0 = Debug|Any CPU
		{DEA680CB-CC07-4195-9560-F1862630AC5B}.Debug|x64.ActiveCfg = Debug|Any CPU
		{DEA680CB-CC07-4195-9560-F1862630AC5B}.Debug|x64.Build.0 = Debug|Any CPU
		{DEA680CB-CC07-4195-9560-F1862630AC5B}.Debug|x86.ActiveCfg = Debug|Any CPU
		{DEA680CB-CC07-4195-9560-F1862630AC5B}.Debug|x86.Build.0 = Debug|Any CPU
		{DEA680CB-CC07-4195-9560-F1862630AC5B}.Release|Any CPU.ActiveCfg = Release|Any CPU
		{DEA680CB-CC07-4195-9560-F1862630AC5B}.Release|Any CPU.Build.0 = Release|Any CPU
		{DEA680CB-CC07-4195-9560-F1862630AC5B}.Release|x64.ActiveCfg = Release|Any CPU
		{DEA680CB-CC07-4195-9560-F1862630AC5B}.Release|x64.Build.0 = Release|Any CPU
		{DEA680CB-CC07-4195-9560-F1862630AC5B}.Release|x86.ActiveCfg = Release|Any CPU
		{DEA680CB-CC07-4195-9560-F1862630AC5B}.Release|x86.Build.0 = Release|Any CPU
		{F364D7B3-45AC-4447-8F40-3C12C5589DD3}.Debug|Any CPU.ActiveCfg = Debug|Any CPU
		{F364D7B3-45AC-4447-8F40-3C12C5589DD3}.Debug|Any CPU.Build.0 = Debug|Any CPU
		{F364D7B3-45AC-4447-8F40-3C12C5589DD3}.Debug|x64.ActiveCfg = Debug|Any CPU
		{F364D7B3-45AC-4447-8F40-3C12C5589DD3}.Debug|x64.Build.0 = Debug|Any CPU
		{F364D7B3-45AC-4447-8F40-3C12C5589DD3}.Debug|x86.ActiveCfg = Debug|Any CPU
		{F364D7B3-45AC-4447-8F40-3C12C5589DD3}.Debug|x86.Build.0 = Debug|Any CPU
		{F364D7B3-45AC-4447-8F40-3C12C5589DD3}.Release|Any CPU.ActiveCfg = Release|Any CPU
		{F364D7B3-45AC-4447-8F40-3C12C5589DD3}.Release|Any CPU.Build.0 = Release|Any CPU
		{F364D7B3-45AC-4447-8F40-3C12C5589DD3}.Release|x64.ActiveCfg = Release|Any CPU
		{F364D7B3-45AC-4447-8F40-3C12C5589DD3}.Release|x64.Build.0 = Release|Any CPU
		{F364D7B3-45AC-4447-8F40-3C12C5589DD3}.Release|x86.ActiveCfg = Release|Any CPU
		{F364D7B3-45AC-4447-8F40-3C12C5589DD3}.Release|x86.Build.0 = Release|Any CPU
		{DED98A35-8574-4C38-92E9-9E867DCC5918}.Debug|Any CPU.ActiveCfg = Debug|Any CPU
		{DED98A35-8574-4C38-92E9-9E867DCC5918}.Debug|Any CPU.Build.0 = Debug|Any CPU
		{DED98A35-8574-4C38-92E9-9E867DCC5918}.Debug|x64.ActiveCfg = Debug|Any CPU
		{DED98A35-8574-4C38-92E9-9E867DCC5918}.Debug|x64.Build.0 = Debug|Any CPU
		{DED98A35-8574-4C38-92E9-9E867DCC5918}.Debug|x86.ActiveCfg = Debug|Any CPU
		{DED98A35-8574-4C38-92E9-9E867DCC5918}.Debug|x86.Build.0 = Debug|Any CPU
		{DED98A35-8574-4C38-92E9-9E867DCC5918}.Release|Any CPU.ActiveCfg = Release|Any CPU
		{DED98A35-8574-4C38-92E9-9E867DCC5918}.Release|Any CPU.Build.0 = Release|Any CPU
		{DED98A35-8574-4C38-92E9-9E867DCC5918}.Release|x64.ActiveCfg = Release|Any CPU
		{DED98A35-8574-4C38-92E9-9E867DCC5918}.Release|x64.Build.0 = Release|Any CPU
		{DED98A35-8574-4C38-92E9-9E867DCC5918}.Release|x86.ActiveCfg = Release|Any CPU
		{DED98A35-8574-4C38-92E9-9E867DCC5918}.Release|x86.Build.0 = Release|Any CPU
		{41039641-C751-4960-89B4-EFD5437779B3}.Debug|Any CPU.ActiveCfg = Debug|Any CPU
		{41039641-C751-4960-89B4-EFD5437779B3}.Debug|Any CPU.Build.0 = Debug|Any CPU
		{41039641-C751-4960-89B4-EFD5437779B3}.Debug|x64.ActiveCfg = Debug|Any CPU
		{41039641-C751-4960-89B4-EFD5437779B3}.Debug|x64.Build.0 = Debug|Any CPU
		{41039641-C751-4960-89B4-EFD5437779B3}.Debug|x86.ActiveCfg = Debug|Any CPU
		{41039641-C751-4960-89B4-EFD5437779B3}.Debug|x86.Build.0 = Debug|Any CPU
		{41039641-C751-4960-89B4-EFD5437779B3}.Release|Any CPU.ActiveCfg = Release|Any CPU
		{41039641-C751-4960-89B4-EFD5437779B3}.Release|Any CPU.Build.0 = Release|Any CPU
		{41039641-C751-4960-89B4-EFD5437779B3}.Release|x64.ActiveCfg = Release|Any CPU
		{41039641-C751-4960-89B4-EFD5437779B3}.Release|x64.Build.0 = Release|Any CPU
		{41039641-C751-4960-89B4-EFD5437779B3}.Release|x86.ActiveCfg = Release|Any CPU
		{41039641-C751-4960-89B4-EFD5437779B3}.Release|x86.Build.0 = Release|Any CPU
		{320336CE-917A-400F-8449-27B821B85C48}.Debug|Any CPU.ActiveCfg = Debug|Any CPU
		{320336CE-917A-400F-8449-27B821B85C48}.Debug|Any CPU.Build.0 = Debug|Any CPU
		{320336CE-917A-400F-8449-27B821B85C48}.Debug|x64.ActiveCfg = Debug|Any CPU
		{320336CE-917A-400F-8449-27B821B85C48}.Debug|x64.Build.0 = Debug|Any CPU
		{320336CE-917A-400F-8449-27B821B85C48}.Debug|x86.ActiveCfg = Debug|Any CPU
		{320336CE-917A-400F-8449-27B821B85C48}.Debug|x86.Build.0 = Debug|Any CPU
		{320336CE-917A-400F-8449-27B821B85C48}.Release|Any CPU.ActiveCfg = Release|Any CPU
		{320336CE-917A-400F-8449-27B821B85C48}.Release|Any CPU.Build.0 = Release|Any CPU
		{320336CE-917A-400F-8449-27B821B85C48}.Release|x64.ActiveCfg = Release|Any CPU
		{320336CE-917A-400F-8449-27B821B85C48}.Release|x64.Build.0 = Release|Any CPU
		{320336CE-917A-400F-8449-27B821B85C48}.Release|x86.ActiveCfg = Release|Any CPU
		{320336CE-917A-400F-8449-27B821B85C48}.Release|x86.Build.0 = Release|Any CPU
		{61BE97B9-9C45-441C-8CAC-B9B83BB7EFAC}.Debug|Any CPU.ActiveCfg = Debug|Any CPU
		{61BE97B9-9C45-441C-8CAC-B9B83BB7EFAC}.Debug|Any CPU.Build.0 = Debug|Any CPU
		{61BE97B9-9C45-441C-8CAC-B9B83BB7EFAC}.Debug|x64.ActiveCfg = Debug|Any CPU
		{61BE97B9-9C45-441C-8CAC-B9B83BB7EFAC}.Debug|x64.Build.0 = Debug|Any CPU
		{61BE97B9-9C45-441C-8CAC-B9B83BB7EFAC}.Debug|x86.ActiveCfg = Debug|Any CPU
		{61BE97B9-9C45-441C-8CAC-B9B83BB7EFAC}.Debug|x86.Build.0 = Debug|Any CPU
		{61BE97B9-9C45-441C-8CAC-B9B83BB7EFAC}.Release|Any CPU.ActiveCfg = Release|Any CPU
		{61BE97B9-9C45-441C-8CAC-B9B83BB7EFAC}.Release|Any CPU.Build.0 = Release|Any CPU
		{61BE97B9-9C45-441C-8CAC-B9B83BB7EFAC}.Release|x64.ActiveCfg = Release|Any CPU
		{61BE97B9-9C45-441C-8CAC-B9B83BB7EFAC}.Release|x64.Build.0 = Release|Any CPU
		{61BE97B9-9C45-441C-8CAC-B9B83BB7EFAC}.Release|x86.ActiveCfg = Release|Any CPU
		{61BE97B9-9C45-441C-8CAC-B9B83BB7EFAC}.Release|x86.Build.0 = Release|Any CPU
	EndGlobalSection
	GlobalSection(SolutionProperties) = preSolution
		HideSolutionNode = FALSE
	EndGlobalSection
	GlobalSection(NestedProjects) = preSolution
		{8D626EA8-CB54-BC41-363A-217881BEBA6E} = {827E0CD3-B72D-47B6-A68D-7590B98EB39B}
		{8D01629D-6F66-4CB7-BAD0-36DB36ABAA52} = {8D626EA8-CB54-BC41-363A-217881BEBA6E}
		{DEA680CB-CC07-4195-9560-F1862630AC5B} = {8D626EA8-CB54-BC41-363A-217881BEBA6E}
		{9048EB7F-3875-A59E-E36B-5BD4C6F2A282} = {827E0CD3-B72D-47B6-A68D-7590B98EB39B}
		{F364D7B3-45AC-4447-8F40-3C12C5589DD3} = {9048EB7F-3875-A59E-E36B-5BD4C6F2A282}
		{DED98A35-8574-4C38-92E9-9E867DCC5918} = {9048EB7F-3875-A59E-E36B-5BD4C6F2A282}
		{41039641-C751-4960-89B4-EFD5437779B3} = {9048EB7F-3875-A59E-E36B-5BD4C6F2A282}
		{6996BBF7-DB31-59BC-C7DD-9A7CCC6138C4} = {827E0CD3-B72D-47B6-A68D-7590B98EB39B}
		{320336CE-917A-400F-8449-27B821B85C48} = {6996BBF7-DB31-59BC-C7DD-9A7CCC6138C4}
		{61BE97B9-9C45-441C-8CAC-B9B83BB7EFAC} = {07C2787E-EAC7-C090-1BA3-A61EC2A24D84}
	EndGlobalSection
EndGlobal
